
Microsoft Visual Studio Solution File, Format Version 12.00
# Visual Studio 15
Project("{8BC9CEB8-8B4A-11D0-8D11-00A0C91BC942}") = "BattleShip", "BattleShip\BattleShip.vcxproj", "{35330656-21EB-47A3-8AF2-20FF76C9E293}"
EndProject
Project("{8BC9CEB8-8B4A-11D0-8D11-00A0C91BC942}") = "SDL_ngn", "SDL_ngn\SDL_ngn.vcxproj", "{AA5A159D-163A-9438-1F52-1F0F8BB0FA99}"
EndProject
Global
	GlobalSection(SolutionConfigurationPlatforms) = preSolution
		Debug|Win32 = Debug|Win32
		Dist|Win32 = Dist|Win32
		Release|Win32 = Release|Win32
	EndGlobalSection
	GlobalSection(ProjectConfigurationPlatforms) = postSolution
		{35330656-21EB-47A3-8AF2-20FF76C9E293}.Debug|Win32.ActiveCfg = Debug|Win32
		{35330656-21EB-47A3-8AF2-20FF76C9E293}.Debug|Win32.Build.0 = Debug|Win32
		{35330656-21EB-47A3-8AF2-20FF76C9E293}.Dist|Win32.ActiveCfg = Dist|Win32
		{35330656-21EB-47A3-8AF2-20FF76C9E293}.Dist|Win32.Build.0 = Dist|Win32
		{35330656-21EB-47A3-8AF2-20FF76C9E293}.Release|Win32.ActiveCfg = Release|Win32
		{35330656-21EB-47A3-8AF2-20FF76C9E293}.Release|Win32.Build.0 = Release|Win32
		{AA5A159D-163A-9438-1F52-1F0F8BB0FA99}.Debug|Win32.ActiveCfg = Debug|Win32
		{AA5A159D-163A-9438-1F52-1F0F8BB0FA99}.Debug|Win32.Build.0 = Debug|Win32
		{AA5A159D-163A-9438-1F52-1F0F8BB0FA99}.Dist|Win32.ActiveCfg = Dist|Win32
		{AA5A159D-163A-9438-1F52-1F0F8BB0FA99}.Dist|Win32.Build.0 = Dist|Win32
		{AA5A159D-163A-9438-1F52-1F0F8BB0FA99}.Release|Win32.ActiveCfg = Release|Win32
		{AA5A159D-163A-9438-1F52-1F0F8BB0FA99}.Release|Win32.Build.0 = Release|Win32
	EndGlobalSection
	GlobalSection(SolutionProperties) = preSolution
		HideSolutionNode = FALSE
	EndGlobalSection
EndGlobal
